{
  "name": "vue-nizacion",
  "version": "1.0.0",
  "lockfileVersion": 1,
  "requires": true,
  "dependencies": {
    "bootstrap": {
      "version": "4.4.1",
      "resolved": "https://registry.npmjs.org/bootstrap/-/bootstrap-4.4.1.tgz",
      "integrity": "sha512-tbx5cHubwE6e2ZG7nqM3g/FZ5PQEDMWmMGNrCUBVRPHXTJaH7CBDdsLeu3eCh3B1tzAxTnAbtmrzvWEvT2NNEA=="
    },
    "moment": {
      "version": "2.29.2",
      "resolved": "https://registry.npmjs.org/moment/-/moment-2.29.2.tgz",
      "integrity": "sha512-UgzG4rvxYpN15jgCmVJwac49h9ly9NurikMWGPdVxm8GZD6XjkKPxDTjQQ43gtGgnV3X0cAyWDdP2Wexoquifg=="
    },
    "vue": {
      "version": "2.6.11",
      "resolved": "https://registry.npmjs.org/vue/-/vue-2.6.11.tgz",
      "integrity": "sha512-VfPwgcGABbGAue9+sfrD4PuwFar7gPb1yl1UK1MwXoQPAw0BKSqWfoYCT/ThFrdEVWoI51dBuyCoiNU9bZDZxQ=="
    }
  }
}
